
Microsoft Visual Studio Solution File, Format Version 12.00
# Visual Studio Version 17
VisualStudioVersion = 17.14.36127.28
MinimumVisualStudioVersion = 10.0.40219.1
Project("{FAE04EC0-301F-11D3-BF4B-00C04F79EFBC}") = "UOP.Core", "UOP.Core\UOP.Core.csproj", "{F2F458B7-E40D-4D23-BA82-1F2AB4828733}"
EndProject
Project("{FAE04EC0-301F-11D3-BF4B-00C04F79EFBC}") = "UOP.Revit.Common", "UOP.Revit.Common\UOP.Revit.Common.csproj", "{411B9415-EB5A-4878-A58D-AD6DB9813822}"
EndProject
Project("{FAE04EC0-301F-11D3-BF4B-00C04F79EFBC}") = "UOP.Revit.Units.Revit2024", "UOP.Revit.Units.Revit2024\UOP.Revit.Units.Revit2024.csproj", "{E9DCDE0F-EE18-4A86-AA41-A08E140ACE76}"
EndProject
Project("{FAE04EC0-301F-11D3-BF4B-00C04F79EFBC}") = "UOP.Revit.Commands.Revit2024", "UOP.Revit.Commands.Revit2024\UOP.Revit.Commands.Revit2024.csproj", "{B0009CCC-D492-46DE-9B8A-68702DD5E4D0}"
EndProject
Project("{FAE04EC0-301F-11D3-BF4B-00C04F79EFBC}") = "UOP.Common.Documenter", "UOP.Common.Documenter\UOP.Common.Documenter.csproj", "{915C2142-E609-4BE2-8116-D406052547A4}"
EndProject
Project("{FAE04EC0-301F-11D3-BF4B-00C04F79EFBC}") = "UOP.Common.Locations", "UOP.Common.Locations\UOP.Common.Locations.csproj", "{DC95B112-28C6-431B-B4D3-BCD3568898FE}"
EndProject
Project("{FAE04EC0-301F-11D3-BF4B-00C04F79EFBC}") = "UOP.Agent", "UOP.Agent\UOP.Agent.csproj", "{0B6936D3-48BE-4358-ABAE-93D5ED2F5379}"
EndProject
Global
	GlobalSection(SolutionConfigurationPlatforms) = preSolution
		Debug|Any CPU = Debug|Any CPU
		Release|Any CPU = Release|Any CPU
	EndGlobalSection
	GlobalSection(ProjectConfigurationPlatforms) = postSolution
		{F2F458B7-E40D-4D23-BA82-1F2AB4828733}.Debug|Any CPU.ActiveCfg = Debug|Any CPU
		{F2F458B7-E40D-4D23-BA82-1F2AB4828733}.Debug|Any CPU.Build.0 = Debug|Any CPU
		{F2F458B7-E40D-4D23-BA82-1F2AB4828733}.Release|Any CPU.ActiveCfg = Release|Any CPU
		{F2F458B7-E40D-4D23-BA82-1F2AB4828733}.Release|Any CPU.Build.0 = Release|Any CPU
		{411B9415-EB5A-4878-A58D-AD6DB9813822}.Debug|Any CPU.ActiveCfg = Debug|Any CPU
		{411B9415-EB5A-4878-A58D-AD6DB9813822}.Debug|Any CPU.Build.0 = Debug|Any CPU
		{411B9415-EB5A-4878-A58D-AD6DB9813822}.Release|Any CPU.ActiveCfg = Release|Any CPU
		{411B9415-EB5A-4878-A58D-AD6DB9813822}.Release|Any CPU.Build.0 = Release|Any CPU
		{E9DCDE0F-EE18-4A86-AA41-A08E140ACE76}.Debug|Any CPU.ActiveCfg = Debug|Any CPU
		{E9DCDE0F-EE18-4A86-AA41-A08E140ACE76}.Debug|Any CPU.Build.0 = Debug|Any CPU
		{E9DCDE0F-EE18-4A86-AA41-A08E140ACE76}.Release|Any CPU.ActiveCfg = Release|Any CPU
		{E9DCDE0F-EE18-4A86-AA41-A08E140ACE76}.Release|Any CPU.Build.0 = Release|Any CPU
		{B0009CCC-D492-46DE-9B8A-68702DD5E4D0}.Debug|Any CPU.ActiveCfg = Debug|Any CPU
		{B0009CCC-D492-46DE-9B8A-68702DD5E4D0}.Debug|Any CPU.Build.0 = Debug|Any CPU
		{B0009CCC-D492-46DE-9B8A-68702DD5E4D0}.Release|Any CPU.ActiveCfg = Release|Any CPU
		{B0009CCC-D492-46DE-9B8A-68702DD5E4D0}.Release|Any CPU.Build.0 = Release|Any CPU
		{915C2142-E609-4BE2-8116-D406052547A4}.Debug|Any CPU.ActiveCfg = Debug|Any CPU
		{915C2142-E609-4BE2-8116-D406052547A4}.Debug|Any CPU.Build.0 = Debug|Any CPU
		{915C2142-E609-4BE2-8116-D406052547A4}.Release|Any CPU.ActiveCfg = Release|Any CPU
		{915C2142-E609-4BE2-8116-D406052547A4}.Release|Any CPU.Build.0 = Release|Any CPU
		{DC95B112-28C6-431B-B4D3-BCD3568898FE}.Debug|Any CPU.ActiveCfg = Debug|Any CPU
		{DC95B112-28C6-431B-B4D3-BCD3568898FE}.Debug|Any CPU.Build.0 = Debug|Any CPU
		{DC95B112-28C6-431B-B4D3-BCD3568898FE}.Release|Any CPU.ActiveCfg = Release|Any CPU
		{DC95B112-28C6-431B-B4D3-BCD3568898FE}.Release|Any CPU.Build.0 = Release|Any CPU
		{0B6936D3-48BE-4358-ABAE-93D5ED2F5379}.Debug|Any CPU.ActiveCfg = Debug|Any CPU
		{0B6936D3-48BE-4358-ABAE-93D5ED2F5379}.Debug|Any CPU.Build.0 = Debug|Any CPU
		{0B6936D3-48BE-4358-ABAE-93D5ED2F5379}.Release|Any CPU.ActiveCfg = Release|Any CPU
		{0B6936D3-48BE-4358-ABAE-93D5ED2F5379}.Release|Any CPU.Build.0 = Release|Any CPU
	EndGlobalSection
	GlobalSection(SolutionProperties) = preSolution
		HideSolutionNode = FALSE
	EndGlobalSection
	GlobalSection(ExtensibilityGlobals) = postSolution
		SolutionGuid = {6A94769D-3D9B-4624-A4B5-6E01219AD028}
	EndGlobalSection
EndGlobal
